// !$*UTF8*$!
{
	archiveVersion = 1;
	classes = {
	};
	objectVersion = 50;
	objects = {

/* Begin PBXBuildFile section */
		566DB78524B4EFE8007409BE /* LogoView.swift in Sources */ = {isa = PBXBuildFile; fileRef = 566DB78424B4EFE8007409BE /* LogoView.swift */; };
		566DB78824B4F6D3007409BE /* VerticalStack.swift in Sources */ = {isa = PBXBuildFile; fileRef = 566DB78724B4F6D3007409BE /* VerticalStack.swift */; };
		566DB78B24BCDE98007409BE /* MainCoordinator.swift in Sources */ = {isa = PBXBuildFile; fileRef = 566DB78A24BCDE98007409BE /* MainCoordinator.swift */; };
		566DB78D24BCDF4A007409BE /* MainViewController.swift in Sources */ = {isa = PBXBuildFile; fileRef = 566DB78C24BCDF4A007409BE /* MainViewController.swift */; };
		566DB78F24BCEB5C007409BE /* UINavigationController+setTabBarTitleAndImage.swift in Sources */ = {isa = PBXBuildFile; fileRef = 566DB78E24BCEB5C007409BE /* UINavigationController+setTabBarTitleAndImage.swift */; };
		569AF46824B4503B00D9DC88 /* SignInPresenter.swift in Sources */ = {isa = PBXBuildFile; fileRef = 569AF46724B4503B00D9DC88 /* SignInPresenter.swift */; };
		569AF46A24B4542A00D9DC88 /* SignInView.swift in Sources */ = {isa = PBXBuildFile; fileRef = 569AF46924B4542A00D9DC88 /* SignInView.swift */; };
		569AF46C24B45B8D00D9DC88 /* IdHaving+id.swift in Sources */ = {isa = PBXBuildFile; fileRef = 569AF46B24B45B8D00D9DC88 /* IdHaving+id.swift */; };
		569AF46F24B45E6800D9DC88 /* UIStoryboard+instantiate().swift in Sources */ = {isa = PBXBuildFile; fileRef = 569AF46E24B45E6800D9DC88 /* UIStoryboard+instantiate().swift */; };
		569AF47F24B498CA00D9DC88 /* GrayLineView.swift in Sources */ = {isa = PBXBuildFile; fileRef = 569AF47E24B498CA00D9DC88 /* GrayLineView.swift */; };
		569AF48424B4A65800D9DC88 /* GrayTextField.swift in Sources */ = {isa = PBXBuildFile; fileRef = 569AF48324B4A65800D9DC88 /* GrayTextField.swift */; };
		569AF48624B4AAB800D9DC88 /* RoundedButtonWithShadow.swift in Sources */ = {isa = PBXBuildFile; fileRef = 569AF48524B4AAB800D9DC88 /* RoundedButtonWithShadow.swift */; };
		56A824DD24D4480300019B37 /* RoundMapButton.swift in Sources */ = {isa = PBXBuildFile; fileRef = 56A824DC24D4480300019B37 /* RoundMapButton.swift */; };
		56A824DF24D461F200019B37 /* CustomMapView.swift in Sources */ = {isa = PBXBuildFile; fileRef = 56A824DE24D461F200019B37 /* CustomMapView.swift */; };
		56A824E224D46D5800019B37 /* ViewAstions.swift in Sources */ = {isa = PBXBuildFile; fileRef = 56A824E124D46D5800019B37 /* ViewAstions.swift */; };
		56A824E424D46E4D00019B37 /* PresenterHaving.swift in Sources */ = {isa = PBXBuildFile; fileRef = 56A824E324D46E4D00019B37 /* PresenterHaving.swift */; };
		56D7E43C24B3601800933B04 /* AppDelegate.swift in Sources */ = {isa = PBXBuildFile; fileRef = 56D7E43B24B3601800933B04 /* AppDelegate.swift */; };
		56D7E43E24B3601800933B04 /* SceneDelegate.swift in Sources */ = {isa = PBXBuildFile; fileRef = 56D7E43D24B3601800933B04 /* SceneDelegate.swift */; };
		56D7E44024B3601800933B04 /* SignInViewController.swift in Sources */ = {isa = PBXBuildFile; fileRef = 56D7E43F24B3601800933B04 /* SignInViewController.swift */; };
		56D7E44524B3601D00933B04 /* Assets.xcassets in Resources */ = {isa = PBXBuildFile; fileRef = 56D7E44424B3601D00933B04 /* Assets.xcassets */; };
		56D7E44824B3601D00933B04 /* LaunchScreen.storyboard in Resources */ = {isa = PBXBuildFile; fileRef = 56D7E44624B3601D00933B04 /* LaunchScreen.storyboard */; };
		56D7E45524B3783E00933B04 /* BaseCoordirator.swift in Sources */ = {isa = PBXBuildFile; fileRef = 56D7E45424B3783E00933B04 /* BaseCoordirator.swift */; };
		56D7E45724B3792900933B04 /* AppCoordinator.swift in Sources */ = {isa = PBXBuildFile; fileRef = 56D7E45624B3792900933B04 /* AppCoordinator.swift */; };
		56D7E45A24B37C2100933B04 /* SignInCoordinator.swift in Sources */ = {isa = PBXBuildFile; fileRef = 56D7E45924B37C2100933B04 /* SignInCoordinator.swift */; };
		56DCF7F824CAEAE80037B97B /* LocationServiceTwo.swift in Sources */ = {isa = PBXBuildFile; fileRef = 56DCF7F724CAEAE80037B97B /* LocationServiceTwo.swift */; };
		56DCF7FA24CED8120037B97B /* MockEventsRepo.swift in Sources */ = {isa = PBXBuildFile; fileRef = 56DCF7F924CED8120037B97B /* MockEventsRepo.swift */; };
		56DCF7FC24CEDAF80037B97B /* GeocodingService.swift in Sources */ = {isa = PBXBuildFile; fileRef = 56DCF7FB24CEDAF80037B97B /* GeocodingService.swift */; };
		56DCF7FE24CEE92E0037B97B /* Address.swift in Sources */ = {isa = PBXBuildFile; fileRef = 56DCF7FD24CEE92E0037B97B /* Address.swift */; };
		56DCF80024CF1E8C0037B97B /* EventMapPin.swift in Sources */ = {isa = PBXBuildFile; fileRef = 56DCF7FF24CF1E8C0037B97B /* EventMapPin.swift */; };
		A904DCD824B5B67F00ACB761 /* UIColor + customColor.swift in Sources */ = {isa = PBXBuildFile; fileRef = A904DCD724B5B67E00ACB761 /* UIColor + customColor.swift */; };
		A904DCDB24B5C0FD00ACB761 /* RegisterAccountViewController.swift in Sources */ = {isa = PBXBuildFile; fileRef = A904DCDA24B5C0FD00ACB761 /* RegisterAccountViewController.swift */; };
		A904DCDD24B5C59000ACB761 /* RegisterAccountView.swift in Sources */ = {isa = PBXBuildFile; fileRef = A904DCDC24B5C59000ACB761 /* RegisterAccountView.swift */; };
		A904DCDF24B5C63700ACB761 /* RegisterAccountCoordinator.swift in Sources */ = {isa = PBXBuildFile; fileRef = A904DCDE24B5C63700ACB761 /* RegisterAccountCoordinator.swift */; };
		A904DCE124B5C66200ACB761 /* RegisterAccountPresenter.swift in Sources */ = {isa = PBXBuildFile; fileRef = A904DCE024B5C66200ACB761 /* RegisterAccountPresenter.swift */; };
		A91769E024BAEFED00EEE26A /* MainMapViewController.swift in Sources */ = {isa = PBXBuildFile; fileRef = A91769DF24BAEFED00EEE26A /* MainMapViewController.swift */; };
		A91769E224BAF01100EEE26A /* MainView.swift in Sources */ = {isa = PBXBuildFile; fileRef = A91769E124BAF01100EEE26A /* MainView.swift */; };
		A91769E424BAF02400EEE26A /* MainMapCoordinator.swift in Sources */ = {isa = PBXBuildFile; fileRef = A91769E324BAF02400EEE26A /* MainMapCoordinator.swift */; };
		A91769E624BAF03400EEE26A /* MainMapPresenter.swift in Sources */ = {isa = PBXBuildFile; fileRef = A91769E524BAF03400EEE26A /* MainMapPresenter.swift */; };
		A946126F24BD795A00FD57CB /* LocationService.swift in Sources */ = {isa = PBXBuildFile; fileRef = A946126E24BD795A00FD57CB /* LocationService.swift */; };
		A946127124BD7AF900FD57CB /* UIMapView + centerLocation().swift in Sources */ = {isa = PBXBuildFile; fileRef = A946127024BD7AF900FD57CB /* UIMapView + centerLocation().swift */; };
		A981FB1F24B73E8300A3D205 /* UIView + getToolBar().swift in Sources */ = {isa = PBXBuildFile; fileRef = A981FB1E24B73E8300A3D205 /* UIView + getToolBar().swift */; };
		A981FB2224B7451800A3D205 /* RestorePasswordViewController.swift in Sources */ = {isa = PBXBuildFile; fileRef = A981FB2124B7451800A3D205 /* RestorePasswordViewController.swift */; };
		A981FB2424B7452A00A3D205 /* RestorePasswordView.swift in Sources */ = {isa = PBXBuildFile; fileRef = A981FB2324B7452A00A3D205 /* RestorePasswordView.swift */; };
		A981FB2624B7454100A3D205 /* RestorePasswordCoordinator.swift in Sources */ = {isa = PBXBuildFile; fileRef = A981FB2524B7454100A3D205 /* RestorePasswordCoordinator.swift */; };
		A981FB2824B7456700A3D205 /* RestorePasswordPresenter.swift in Sources */ = {isa = PBXBuildFile; fileRef = A981FB2724B7456700A3D205 /* RestorePasswordPresenter.swift */; };
		A981FB2A24B761A700A3D205 /* UIViewController + indicator + basicAlert.swift in Sources */ = {isa = PBXBuildFile; fileRef = A981FB2924B761A700A3D205 /* UIViewController + indicator + basicAlert.swift */; };
		A995BE4824C6C57400B2E63A /* CompletionEventViewController.swift in Sources */ = {isa = PBXBuildFile; fileRef = A995BE4724C6C57400B2E63A /* CompletionEventViewController.swift */; };
		A995BE4A24C6C58900B2E63A /* CompletionEventView.swift in Sources */ = {isa = PBXBuildFile; fileRef = A995BE4924C6C58900B2E63A /* CompletionEventView.swift */; };
		A995BE4C24C6C5A000B2E63A /* CompletionEventCoordinator.swift in Sources */ = {isa = PBXBuildFile; fileRef = A995BE4B24C6C5A000B2E63A /* CompletionEventCoordinator.swift */; };
		A995BE4E24C6C5B900B2E63A /* CompletionEventPresenter.swift in Sources */ = {isa = PBXBuildFile; fileRef = A995BE4D24C6C5B900B2E63A /* CompletionEventPresenter.swift */; };
		A995BE5024C6C5CA00B2E63A /* ActionEventViewController.swift in Sources */ = {isa = PBXBuildFile; fileRef = A995BE4F24C6C5CA00B2E63A /* ActionEventViewController.swift */; };
		A995BE5224C6C5DB00B2E63A /* ActionEventView.swift in Sources */ = {isa = PBXBuildFile; fileRef = A995BE5124C6C5DB00B2E63A /* ActionEventView.swift */; };
		A995BE5424C6C5F300B2E63A /* ActionEventCoordinator.swift in Sources */ = {isa = PBXBuildFile; fileRef = A995BE5324C6C5F300B2E63A /* ActionEventCoordinator.swift */; };
		A995BE5624C6C61800B2E63A /* ActionEventPresenter.swift in Sources */ = {isa = PBXBuildFile; fileRef = A995BE5524C6C61800B2E63A /* ActionEventPresenter.swift */; };
		A995BE5824C6C98000B2E63A /* CompletionEventCell.swift in Sources */ = {isa = PBXBuildFile; fileRef = A995BE5724C6C98000B2E63A /* CompletionEventCell.swift */; };
		A995BE5B24C6CAE500B2E63A /* CompletionEventCell.xib in Resources */ = {isa = PBXBuildFile; fileRef = A995BE5A24C6CAE500B2E63A /* CompletionEventCell.xib */; };
		A995BE5D24C6E37B00B2E63A /* Event.swift in Sources */ = {isa = PBXBuildFile; fileRef = A995BE5C24C6E37B00B2E63A /* Event.swift */; };
		A995BE6024C6EA2F00B2E63A /* ActionEventCell.swift in Sources */ = {isa = PBXBuildFile; fileRef = A995BE5F24C6EA2F00B2E63A /* ActionEventCell.swift */; };
		A995BE6224C6EA4000B2E63A /* ActionEventCell.xib in Resources */ = {isa = PBXBuildFile; fileRef = A995BE6124C6EA4000B2E63A /* ActionEventCell.xib */; };
		A9C2FC4C24C5886100756DE6 /* ProfileSettingViewController.swift in Sources */ = {isa = PBXBuildFile; fileRef = A9C2FC4B24C5886100756DE6 /* ProfileSettingViewController.swift */; };
		A9C2FC4E24C5887000756DE6 /* ProfileSettingView.swift in Sources */ = {isa = PBXBuildFile; fileRef = A9C2FC4D24C5887000756DE6 /* ProfileSettingView.swift */; };
		A9C2FC5024C5888700756DE6 /* ProfileSettingCoordinator.swift in Sources */ = {isa = PBXBuildFile; fileRef = A9C2FC4F24C5888700756DE6 /* ProfileSettingCoordinator.swift */; };
		A9C2FC5224C588AF00756DE6 /* ProfileSettingPresenter.swift in Sources */ = {isa = PBXBuildFile; fileRef = A9C2FC5124C588AF00756DE6 /* ProfileSettingPresenter.swift */; };
		A9C8DA9324D043E4006F63FC /* UIMapView + zoomMap().swift in Sources */ = {isa = PBXBuildFile; fileRef = A9C8DA9224D043E4006F63FC /* UIMapView + zoomMap().swift */; };
		A9D6102924BE48B100C1C207 /* ProfileViewController.swift in Sources */ = {isa = PBXBuildFile; fileRef = A9D6102824BE48B100C1C207 /* ProfileViewController.swift */; };
		A9D6102B24BE48C400C1C207 /* ProfileView.swift in Sources */ = {isa = PBXBuildFile; fileRef = A9D6102A24BE48C400C1C207 /* ProfileView.swift */; };
		A9D6102D24BE48DC00C1C207 /* ProfileCoordinator.swift in Sources */ = {isa = PBXBuildFile; fileRef = A9D6102C24BE48DC00C1C207 /* ProfileCoordinator.swift */; };
		A9D6102F24BE48FA00C1C207 /* ProfilePresenter.swift in Sources */ = {isa = PBXBuildFile; fileRef = A9D6102E24BE48FA00C1C207 /* ProfilePresenter.swift */; };
/* End PBXBuildFile section */

/* Begin PBXFileReference section */
		566DB78424B4EFE8007409BE /* LogoView.swift */ = {isa = PBXFileReference; lastKnownFileType = sourcecode.swift; path = LogoView.swift; sourceTree = "<group>"; };
		566DB78724B4F6D3007409BE /* VerticalStack.swift */ = {isa = PBXFileReference; lastKnownFileType = sourcecode.swift; path = VerticalStack.swift; sourceTree = "<group>"; };
		566DB78A24BCDE98007409BE /* MainCoordinator.swift */ = {isa = PBXFileReference; lastKnownFileType = sourcecode.swift; path = MainCoordinator.swift; sourceTree = "<group>"; };
		566DB78C24BCDF4A007409BE /* MainViewController.swift */ = {isa = PBXFileReference; lastKnownFileType = sourcecode.swift; path = MainViewController.swift; sourceTree = "<group>"; };
		566DB78E24BCEB5C007409BE /* UINavigationController+setTabBarTitleAndImage.swift */ = {isa = PBXFileReference; lastKnownFileType = sourcecode.swift; path = "UINavigationController+setTabBarTitleAndImage.swift"; sourceTree = "<group>"; };
		569AF46724B4503B00D9DC88 /* SignInPresenter.swift */ = {isa = PBXFileReference; lastKnownFileType = sourcecode.swift; path = SignInPresenter.swift; sourceTree = "<group>"; };
		569AF46924B4542A00D9DC88 /* SignInView.swift */ = {isa = PBXFileReference; lastKnownFileType = sourcecode.swift; path = SignInView.swift; sourceTree = "<group>"; };
		569AF46B24B45B8D00D9DC88 /* IdHaving+id.swift */ = {isa = PBXFileReference; lastKnownFileType = sourcecode.swift; path = "IdHaving+id.swift"; sourceTree = "<group>"; };
		569AF46E24B45E6800D9DC88 /* UIStoryboard+instantiate().swift */ = {isa = PBXFileReference; lastKnownFileType = sourcecode.swift; path = "UIStoryboard+instantiate().swift"; sourceTree = "<group>"; };
		569AF47E24B498CA00D9DC88 /* GrayLineView.swift */ = {isa = PBXFileReference; lastKnownFileType = sourcecode.swift; path = GrayLineView.swift; sourceTree = "<group>"; };
		569AF48324B4A65800D9DC88 /* GrayTextField.swift */ = {isa = PBXFileReference; lastKnownFileType = sourcecode.swift; path = GrayTextField.swift; sourceTree = "<group>"; };
		569AF48524B4AAB800D9DC88 /* RoundedButtonWithShadow.swift */ = {isa = PBXFileReference; lastKnownFileType = sourcecode.swift; path = RoundedButtonWithShadow.swift; sourceTree = "<group>"; };
		56A824DC24D4480300019B37 /* RoundMapButton.swift */ = {isa = PBXFileReference; lastKnownFileType = sourcecode.swift; path = RoundMapButton.swift; sourceTree = "<group>"; };
		56A824DE24D461F200019B37 /* CustomMapView.swift */ = {isa = PBXFileReference; lastKnownFileType = sourcecode.swift; path = CustomMapView.swift; sourceTree = "<group>"; };
		56A824E124D46D5800019B37 /* ViewAstions.swift */ = {isa = PBXFileReference; lastKnownFileType = sourcecode.swift; path = ViewAstions.swift; sourceTree = "<group>"; };
		56A824E324D46E4D00019B37 /* PresenterHaving.swift */ = {isa = PBXFileReference; lastKnownFileType = sourcecode.swift; path = PresenterHaving.swift; sourceTree = "<group>"; };
		56D7E43824B3601800933B04 /* Together.app */ = {isa = PBXFileReference; explicitFileType = wrapper.application; includeInIndex = 0; path = Together.app; sourceTree = BUILT_PRODUCTS_DIR; };
		56D7E43B24B3601800933B04 /* AppDelegate.swift */ = {isa = PBXFileReference; lastKnownFileType = sourcecode.swift; path = AppDelegate.swift; sourceTree = "<group>"; };
		56D7E43D24B3601800933B04 /* SceneDelegate.swift */ = {isa = PBXFileReference; lastKnownFileType = sourcecode.swift; path = SceneDelegate.swift; sourceTree = "<group>"; };
		56D7E43F24B3601800933B04 /* SignInViewController.swift */ = {isa = PBXFileReference; lastKnownFileType = sourcecode.swift; path = SignInViewController.swift; sourceTree = "<group>"; };
		56D7E44424B3601D00933B04 /* Assets.xcassets */ = {isa = PBXFileReference; lastKnownFileType = folder.assetcatalog; path = Assets.xcassets; sourceTree = "<group>"; };
		56D7E44724B3601D00933B04 /* Base */ = {isa = PBXFileReference; lastKnownFileType = file.storyboard; name = Base; path = Base.lproj/LaunchScreen.storyboard; sourceTree = "<group>"; };
		56D7E44924B3601D00933B04 /* Info.plist */ = {isa = PBXFileReference; lastKnownFileType = text.plist.xml; path = Info.plist; sourceTree = "<group>"; };
		56D7E45424B3783E00933B04 /* BaseCoordirator.swift */ = {isa = PBXFileReference; lastKnownFileType = sourcecode.swift; path = BaseCoordirator.swift; sourceTree = "<group>"; };
		56D7E45624B3792900933B04 /* AppCoordinator.swift */ = {isa = PBXFileReference; lastKnownFileType = sourcecode.swift; path = AppCoordinator.swift; sourceTree = "<group>"; };
		56D7E45924B37C2100933B04 /* SignInCoordinator.swift */ = {isa = PBXFileReference; lastKnownFileType = sourcecode.swift; path = SignInCoordinator.swift; sourceTree = "<group>"; };
		56DCF7F724CAEAE80037B97B /* LocationServiceTwo.swift */ = {isa = PBXFileReference; lastKnownFileType = sourcecode.swift; path = LocationServiceTwo.swift; sourceTree = "<group>"; };
		56DCF7F924CED8120037B97B /* MockEventsRepo.swift */ = {isa = PBXFileReference; lastKnownFileType = sourcecode.swift; path = MockEventsRepo.swift; sourceTree = "<group>"; };
		56DCF7FB24CEDAF80037B97B /* GeocodingService.swift */ = {isa = PBXFileReference; lastKnownFileType = sourcecode.swift; path = GeocodingService.swift; sourceTree = "<group>"; };
		56DCF7FD24CEE92E0037B97B /* Address.swift */ = {isa = PBXFileReference; lastKnownFileType = sourcecode.swift; path = Address.swift; sourceTree = "<group>"; };
		56DCF7FF24CF1E8C0037B97B /* EventMapPin.swift */ = {isa = PBXFileReference; lastKnownFileType = sourcecode.swift; path = EventMapPin.swift; sourceTree = "<group>"; };
		A904DCD724B5B67E00ACB761 /* UIColor + customColor.swift */ = {isa = PBXFileReference; lastKnownFileType = sourcecode.swift; path = "UIColor + customColor.swift"; sourceTree = "<group>"; };
		A904DCDA24B5C0FD00ACB761 /* RegisterAccountViewController.swift */ = {isa = PBXFileReference; lastKnownFileType = sourcecode.swift; path = RegisterAccountViewController.swift; sourceTree = "<group>"; };
		A904DCDC24B5C59000ACB761 /* RegisterAccountView.swift */ = {isa = PBXFileReference; lastKnownFileType = sourcecode.swift; path = RegisterAccountView.swift; sourceTree = "<group>"; };
		A904DCDE24B5C63700ACB761 /* RegisterAccountCoordinator.swift */ = {isa = PBXFileReference; lastKnownFileType = sourcecode.swift; path = RegisterAccountCoordinator.swift; sourceTree = "<group>"; };
		A904DCE024B5C66200ACB761 /* RegisterAccountPresenter.swift */ = {isa = PBXFileReference; lastKnownFileType = sourcecode.swift; path = RegisterAccountPresenter.swift; sourceTree = "<group>"; };
		A91769DF24BAEFED00EEE26A /* MainMapViewController.swift */ = {isa = PBXFileReference; lastKnownFileType = sourcecode.swift; path = MainMapViewController.swift; sourceTree = "<group>"; };
		A91769E124BAF01100EEE26A /* MainView.swift */ = {isa = PBXFileReference; lastKnownFileType = sourcecode.swift; path = MainView.swift; sourceTree = "<group>"; };
		A91769E324BAF02400EEE26A /* MainMapCoordinator.swift */ = {isa = PBXFileReference; lastKnownFileType = sourcecode.swift; path = MainMapCoordinator.swift; sourceTree = "<group>"; };
		A91769E524BAF03400EEE26A /* MainMapPresenter.swift */ = {isa = PBXFileReference; lastKnownFileType = sourcecode.swift; path = MainMapPresenter.swift; sourceTree = "<group>"; };
		A946126E24BD795A00FD57CB /* LocationService.swift */ = {isa = PBXFileReference; lastKnownFileType = sourcecode.swift; path = LocationService.swift; sourceTree = "<group>"; };
		A946127024BD7AF900FD57CB /* UIMapView + centerLocation().swift */ = {isa = PBXFileReference; lastKnownFileType = sourcecode.swift; path = "UIMapView + centerLocation().swift"; sourceTree = "<group>"; };
		A981FB1E24B73E8300A3D205 /* UIView + getToolBar().swift */ = {isa = PBXFileReference; lastKnownFileType = sourcecode.swift; path = "UIView + getToolBar().swift"; sourceTree = "<group>"; };
		A981FB2124B7451800A3D205 /* RestorePasswordViewController.swift */ = {isa = PBXFileReference; lastKnownFileType = sourcecode.swift; path = RestorePasswordViewController.swift; sourceTree = "<group>"; };
		A981FB2324B7452A00A3D205 /* RestorePasswordView.swift */ = {isa = PBXFileReference; lastKnownFileType = sourcecode.swift; path = RestorePasswordView.swift; sourceTree = "<group>"; };
		A981FB2524B7454100A3D205 /* RestorePasswordCoordinator.swift */ = {isa = PBXFileReference; lastKnownFileType = sourcecode.swift; path = RestorePasswordCoordinator.swift; sourceTree = "<group>"; };
		A981FB2724B7456700A3D205 /* RestorePasswordPresenter.swift */ = {isa = PBXFileReference; lastKnownFileType = sourcecode.swift; path = RestorePasswordPresenter.swift; sourceTree = "<group>"; };
		A981FB2924B761A700A3D205 /* UIViewController + indicator + basicAlert.swift */ = {isa = PBXFileReference; lastKnownFileType = sourcecode.swift; path = "UIViewController + indicator + basicAlert.swift"; sourceTree = "<group>"; };
		A995BE4724C6C57400B2E63A /* CompletionEventViewController.swift */ = {isa = PBXFileReference; lastKnownFileType = sourcecode.swift; path = CompletionEventViewController.swift; sourceTree = "<group>"; };
		A995BE4924C6C58900B2E63A /* CompletionEventView.swift */ = {isa = PBXFileReference; lastKnownFileType = sourcecode.swift; path = CompletionEventView.swift; sourceTree = "<group>"; };
		A995BE4B24C6C5A000B2E63A /* CompletionEventCoordinator.swift */ = {isa = PBXFileReference; lastKnownFileType = sourcecode.swift; path = CompletionEventCoordinator.swift; sourceTree = "<group>"; };
		A995BE4D24C6C5B900B2E63A /* CompletionEventPresenter.swift */ = {isa = PBXFileReference; lastKnownFileType = sourcecode.swift; path = CompletionEventPresenter.swift; sourceTree = "<group>"; };
		A995BE4F24C6C5CA00B2E63A /* ActionEventViewController.swift */ = {isa = PBXFileReference; lastKnownFileType = sourcecode.swift; path = ActionEventViewController.swift; sourceTree = "<group>"; };
		A995BE5124C6C5DB00B2E63A /* ActionEventView.swift */ = {isa = PBXFileReference; lastKnownFileType = sourcecode.swift; path = ActionEventView.swift; sourceTree = "<group>"; };
		A995BE5324C6C5F300B2E63A /* ActionEventCoordinator.swift */ = {isa = PBXFileReference; lastKnownFileType = sourcecode.swift; path = ActionEventCoordinator.swift; sourceTree = "<group>"; };
		A995BE5524C6C61800B2E63A /* ActionEventPresenter.swift */ = {isa = PBXFileReference; lastKnownFileType = sourcecode.swift; path = ActionEventPresenter.swift; sourceTree = "<group>"; };
		A995BE5724C6C98000B2E63A /* CompletionEventCell.swift */ = {isa = PBXFileReference; lastKnownFileType = sourcecode.swift; path = CompletionEventCell.swift; sourceTree = "<group>"; };
		A995BE5A24C6CAE500B2E63A /* CompletionEventCell.xib */ = {isa = PBXFileReference; lastKnownFileType = file.xib; path = CompletionEventCell.xib; sourceTree = "<group>"; };
		A995BE5C24C6E37B00B2E63A /* Event.swift */ = {isa = PBXFileReference; lastKnownFileType = sourcecode.swift; path = Event.swift; sourceTree = "<group>"; };
		A995BE5F24C6EA2F00B2E63A /* ActionEventCell.swift */ = {isa = PBXFileReference; lastKnownFileType = sourcecode.swift; path = ActionEventCell.swift; sourceTree = "<group>"; };
		A995BE6124C6EA4000B2E63A /* ActionEventCell.xib */ = {isa = PBXFileReference; lastKnownFileType = file.xib; path = ActionEventCell.xib; sourceTree = "<group>"; };
		A9C2FC4B24C5886100756DE6 /* ProfileSettingViewController.swift */ = {isa = PBXFileReference; lastKnownFileType = sourcecode.swift; path = ProfileSettingViewController.swift; sourceTree = "<group>"; };
		A9C2FC4D24C5887000756DE6 /* ProfileSettingView.swift */ = {isa = PBXFileReference; lastKnownFileType = sourcecode.swift; path = ProfileSettingView.swift; sourceTree = "<group>"; };
		A9C2FC4F24C5888700756DE6 /* ProfileSettingCoordinator.swift */ = {isa = PBXFileReference; lastKnownFileType = sourcecode.swift; path = ProfileSettingCoordinator.swift; sourceTree = "<group>"; };
		A9C2FC5124C588AF00756DE6 /* ProfileSettingPresenter.swift */ = {isa = PBXFileReference; lastKnownFileType = sourcecode.swift; path = ProfileSettingPresenter.swift; sourceTree = "<group>"; };
		A9C8DA9224D043E4006F63FC /* UIMapView + zoomMap().swift */ = {isa = PBXFileReference; lastKnownFileType = sourcecode.swift; path = "UIMapView + zoomMap().swift"; sourceTree = "<group>"; };
		A9D6102824BE48B100C1C207 /* ProfileViewController.swift */ = {isa = PBXFileReference; lastKnownFileType = sourcecode.swift; name = ProfileViewController.swift; path = Together/Screens/Main/ProfileModule/Profile/ProfileViewController.swift; sourceTree = SOURCE_ROOT; };
		A9D6102A24BE48C400C1C207 /* ProfileView.swift */ = {isa = PBXFileReference; lastKnownFileType = sourcecode.swift; name = ProfileView.swift; path = Together/Screens/Main/ProfileModule/Profile/ProfileView.swift; sourceTree = SOURCE_ROOT; };
		A9D6102C24BE48DC00C1C207 /* ProfileCoordinator.swift */ = {isa = PBXFileReference; lastKnownFileType = sourcecode.swift; name = ProfileCoordinator.swift; path = Together/Screens/Main/ProfileModule/Profile/ProfileCoordinator.swift; sourceTree = SOURCE_ROOT; };
		A9D6102E24BE48FA00C1C207 /* ProfilePresenter.swift */ = {isa = PBXFileReference; lastKnownFileType = sourcecode.swift; name = ProfilePresenter.swift; path = Together/Screens/Main/ProfileModule/Profile/ProfilePresenter.swift; sourceTree = SOURCE_ROOT; };
/* End PBXFileReference section */

/* Begin PBXFrameworksBuildPhase section */
		56D7E43524B3601800933B04 /* Frameworks */ = {
			isa = PBXFrameworksBuildPhase;
			buildActionMask = 2147483647;
			files = (
			);
			runOnlyForDeploymentPostprocessing = 0;
		};
/* End PBXFrameworksBuildPhase section */

/* Begin PBXGroup section */
		566DB78624B4F698007409BE /* StackViews */ = {
			isa = PBXGroup;
			children = (
				566DB78724B4F6D3007409BE /* VerticalStack.swift */,
			);
			path = StackViews;
			sourceTree = "<group>";
		};
		566DB78924BCDE78007409BE /* Map */ = {
			isa = PBXGroup;
			children = (
				A91769DF24BAEFED00EEE26A /* MainMapViewController.swift */,
				A91769E124BAF01100EEE26A /* MainView.swift */,
				56A824DE24D461F200019B37 /* CustomMapView.swift */,
				A91769E524BAF03400EEE26A /* MainMapPresenter.swift */,
				A91769E324BAF02400EEE26A /* MainMapCoordinator.swift */,
			);
			path = Map;
			sourceTree = "<group>";
		};
		566DB79124BCF4D5007409BE /* Chat */ = {
			isa = PBXGroup;
			children = (
			);
			path = Chat;
			sourceTree = "<group>";
		};
		569AF46D24B45E1300D9DC88 /* Extentions */ = {
			isa = PBXGroup;
			children = (
				569AF46B24B45B8D00D9DC88 /* IdHaving+id.swift */,
				569AF46E24B45E6800D9DC88 /* UIStoryboard+instantiate().swift */,
				A904DCD724B5B67E00ACB761 /* UIColor + customColor.swift */,
				A981FB1E24B73E8300A3D205 /* UIView + getToolBar().swift */,
				A981FB2924B761A700A3D205 /* UIViewController + indicator + basicAlert.swift */,
				566DB78E24BCEB5C007409BE /* UINavigationController+setTabBarTitleAndImage.swift */,
				A946127024BD7AF900FD57CB /* UIMapView + centerLocation().swift */,
				A9C8DA9224D043E4006F63FC /* UIMapView + zoomMap().swift */,
			);
			path = Extentions;
			sourceTree = "<group>";
		};
		569AF48024B4A1F200D9DC88 /* Views */ = {
			isa = PBXGroup;
			children = (
				569AF47E24B498CA00D9DC88 /* GrayLineView.swift */,
				566DB78424B4EFE8007409BE /* LogoView.swift */,
			);
			path = Views;
			sourceTree = "<group>";
		};
		569AF48724B4AB6000D9DC88 /* Buttons */ = {
			isa = PBXGroup;
			children = (
				56A824DC24D4480300019B37 /* RoundMapButton.swift */,
				569AF48524B4AAB800D9DC88 /* RoundedButtonWithShadow.swift */,
			);
			path = Buttons;
			sourceTree = "<group>";
		};
		569AF48924B4AB7700D9DC88 /* TextFields */ = {
			isa = PBXGroup;
			children = (
				569AF48324B4A65800D9DC88 /* GrayTextField.swift */,
			);
			path = TextFields;
			sourceTree = "<group>";
		};
		56A824E024D46D2200019B37 /* Protocols */ = {
			isa = PBXGroup;
			children = (
				56A824E124D46D5800019B37 /* ViewAstions.swift */,
				56A824E324D46E4D00019B37 /* PresenterHaving.swift */,
			);
			path = Protocols;
			sourceTree = "<group>";
		};
		56D7E42F24B3601800933B04 = {
			isa = PBXGroup;
			children = (
				56D7E43A24B3601800933B04 /* Together */,
				56D7E43924B3601800933B04 /* Products */,
			);
			sourceTree = "<group>";
		};
		56D7E43924B3601800933B04 /* Products */ = {
			isa = PBXGroup;
			children = (
				56D7E43824B3601800933B04 /* Together.app */,
			);
			name = Products;
			sourceTree = "<group>";
		};
		56D7E43A24B3601800933B04 /* Together */ = {
			isa = PBXGroup;
			children = (
				56D7E44F24B3776500933B04 /* Application */,
				A90B8F2B24BF0608003BE9EF /* Model */,
				56D7E45324B377E400933B04 /* Repo */,
				A946126D24BD793800FD57CB /* Services */,
				56D7E45224B377CC00933B04 /* Base */,
				56D7E45124B377C100933B04 /* Screens */,
				56D7E44624B3601D00933B04 /* LaunchScreen.storyboard */,
				56D7E45024B3779500933B04 /* Resources */,
			);
			path = Together;
			sourceTree = "<group>";
		};
		56D7E44F24B3776500933B04 /* Application */ = {
			isa = PBXGroup;
			children = (
				56D7E43D24B3601800933B04 /* SceneDelegate.swift */,
				56D7E43B24B3601800933B04 /* AppDelegate.swift */,
				56D7E45624B3792900933B04 /* AppCoordinator.swift */,
			);
			path = Application;
			sourceTree = "<group>";
		};
		56D7E45024B3779500933B04 /* Resources */ = {
			isa = PBXGroup;
			children = (
				56D7E44424B3601D00933B04 /* Assets.xcassets */,
				56D7E44924B3601D00933B04 /* Info.plist */,
			);
			path = Resources;
			sourceTree = "<group>";
		};
		56D7E45124B377C100933B04 /* Screens */ = {
			isa = PBXGroup;
			children = (
				A91769DE24BAEF8D00EEE26A /* Main */,
				A981FB2024B744EA00A3D205 /* RestorePassword */,
				A904DCD924B5C0D200ACB761 /* RegisterAccount */,
				56D7E45824B37BC700933B04 /* SignIn */,
			);
			path = Screens;
			sourceTree = "<group>";
		};
		56D7E45224B377CC00933B04 /* Base */ = {
			isa = PBXGroup;
			children = (
				56D7E45424B3783E00933B04 /* BaseCoordirator.swift */,
				566DB78624B4F698007409BE /* StackViews */,
				569AF48724B4AB6000D9DC88 /* Buttons */,
				569AF48924B4AB7700D9DC88 /* TextFields */,
				569AF48024B4A1F200D9DC88 /* Views */,
				569AF46D24B45E1300D9DC88 /* Extentions */,
				56A824E024D46D2200019B37 /* Protocols */,
			);
			path = Base;
			sourceTree = "<group>";
		};
		56D7E45324B377E400933B04 /* Repo */ = {
			isa = PBXGroup;
			children = (
				56DCF7F924CED8120037B97B /* MockEventsRepo.swift */,
			);
			path = Repo;
			sourceTree = "<group>";
		};
		56D7E45824B37BC700933B04 /* SignIn */ = {
			isa = PBXGroup;
			children = (
				56D7E43F24B3601800933B04 /* SignInViewController.swift */,
				569AF46924B4542A00D9DC88 /* SignInView.swift */,
				569AF46724B4503B00D9DC88 /* SignInPresenter.swift */,
				56D7E45924B37C2100933B04 /* SignInCoordinator.swift */,
			);
			path = SignIn;
			sourceTree = "<group>";
		};
		56DCF7F524C9B4EB0037B97B /* ProfileModule */ = {
			isa = PBXGroup;
			children = (
				56DCF7F624C9B5000037B97B /* Profile */,
				A9C2FC4A24C5864C00756DE6 /* ProfileSetting */,
				A995BE4524C6C3D100B2E63A /* ActionEvent */,
				A995BE4624C6C3D600B2E63A /* CompletionEvent */,
			);
			path = ProfileModule;
			sourceTree = "<group>";
		};
		56DCF7F624C9B5000037B97B /* Profile */ = {
			isa = PBXGroup;
			children = (
				A9D6102824BE48B100C1C207 /* ProfileViewController.swift */,
				A9D6102A24BE48C400C1C207 /* ProfileView.swift */,
				A9D6102E24BE48FA00C1C207 /* ProfilePresenter.swift */,
				A9D6102C24BE48DC00C1C207 /* ProfileCoordinator.swift */,
			);
			path = Profile;
			sourceTree = "<group>";
		};
		A904DCD924B5C0D200ACB761 /* RegisterAccount */ = {
			isa = PBXGroup;
			children = (
				A904DCDA24B5C0FD00ACB761 /* RegisterAccountViewController.swift */,
				A904DCDC24B5C59000ACB761 /* RegisterAccountView.swift */,
				A904DCDE24B5C63700ACB761 /* RegisterAccountCoordinator.swift */,
				A904DCE024B5C66200ACB761 /* RegisterAccountPresenter.swift */,
			);
			path = RegisterAccount;
			sourceTree = "<group>";
		};
		A90B8F2B24BF0608003BE9EF /* Model */ = {
			isa = PBXGroup;
			children = (
				A995BE5C24C6E37B00B2E63A /* Event.swift */,
				56DCF7FD24CEE92E0037B97B /* Address.swift */,
				56DCF7FF24CF1E8C0037B97B /* EventMapPin.swift */,
			);
			path = Model;
			sourceTree = "<group>";
		};
		A91769DE24BAEF8D00EEE26A /* Main */ = {
			isa = PBXGroup;
			children = (
				566DB78A24BCDE98007409BE /* MainCoordinator.swift */,
				566DB78C24BCDF4A007409BE /* MainViewController.swift */,
				56DCF7F524C9B4EB0037B97B /* ProfileModule */,
				566DB78924BCDE78007409BE /* Map */,
				566DB79124BCF4D5007409BE /* Chat */,
			);
			path = Main;
			sourceTree = "<group>";
		};
		A946126D24BD793800FD57CB /* Services */ = {
			isa = PBXGroup;
			children = (
				A946126E24BD795A00FD57CB /* LocationService.swift */,
				56DCF7F724CAEAE80037B97B /* LocationServiceTwo.swift */,
				56DCF7FB24CEDAF80037B97B /* GeocodingService.swift */,
			);
			path = Services;
			sourceTree = "<group>";
		};
		A981FB2024B744EA00A3D205 /* RestorePassword */ = {
			isa = PBXGroup;
			children = (
				A981FB2124B7451800A3D205 /* RestorePasswordViewController.swift */,
				A981FB2324B7452A00A3D205 /* RestorePasswordView.swift */,
				A981FB2524B7454100A3D205 /* RestorePasswordCoordinator.swift */,
				A981FB2724B7456700A3D205 /* RestorePasswordPresenter.swift */,
			);
			path = RestorePassword;
			sourceTree = "<group>";
		};
		A995BE4524C6C3D100B2E63A /* ActionEvent */ = {
			isa = PBXGroup;
			children = (
				A995BE5E24C6EA1100B2E63A /* Action Event Cell */,
				A995BE4F24C6C5CA00B2E63A /* ActionEventViewController.swift */,
				A995BE5124C6C5DB00B2E63A /* ActionEventView.swift */,
				A995BE5324C6C5F300B2E63A /* ActionEventCoordinator.swift */,
				A995BE5524C6C61800B2E63A /* ActionEventPresenter.swift */,
			);
			path = ActionEvent;
			sourceTree = "<group>";
		};
		A995BE4624C6C3D600B2E63A /* CompletionEvent */ = {
			isa = PBXGroup;
			children = (
				A995BE5924C6CACC00B2E63A /* Completion Event Cell */,
				A995BE4724C6C57400B2E63A /* CompletionEventViewController.swift */,
				A995BE4924C6C58900B2E63A /* CompletionEventView.swift */,
				A995BE4B24C6C5A000B2E63A /* CompletionEventCoordinator.swift */,
				A995BE4D24C6C5B900B2E63A /* CompletionEventPresenter.swift */,
			);
			path = CompletionEvent;
			sourceTree = "<group>";
		};
		A995BE5924C6CACC00B2E63A /* Completion Event Cell */ = {
			isa = PBXGroup;
			children = (
				A995BE5724C6C98000B2E63A /* CompletionEventCell.swift */,
				A995BE5A24C6CAE500B2E63A /* CompletionEventCell.xib */,
			);
			path = "Completion Event Cell";
			sourceTree = "<group>";
		};
		A995BE5E24C6EA1100B2E63A /* Action Event Cell */ = {
			isa = PBXGroup;
			children = (
				A995BE5F24C6EA2F00B2E63A /* ActionEventCell.swift */,
				A995BE6124C6EA4000B2E63A /* ActionEventCell.xib */,
			);
			path = "Action Event Cell";
			sourceTree = "<group>";
		};
		A9C2FC4A24C5864C00756DE6 /* ProfileSetting */ = {
			isa = PBXGroup;
			children = (
				A9C2FC4B24C5886100756DE6 /* ProfileSettingViewController.swift */,
				A9C2FC4D24C5887000756DE6 /* ProfileSettingView.swift */,
				A9C2FC4F24C5888700756DE6 /* ProfileSettingCoordinator.swift */,
				A9C2FC5124C588AF00756DE6 /* ProfileSettingPresenter.swift */,
			);
			path = ProfileSetting;
			sourceTree = "<group>";
		};
/* End PBXGroup section */

/* Begin PBXNativeTarget section */
		56D7E43724B3601800933B04 /* Together */ = {
			isa = PBXNativeTarget;
			buildConfigurationList = 56D7E44C24B3601D00933B04 /* Build configuration list for PBXNativeTarget "Together" */;
			buildPhases = (
				56D7E43424B3601800933B04 /* Sources */,
				56D7E43524B3601800933B04 /* Frameworks */,
				56D7E43624B3601800933B04 /* Resources */,
			);
			buildRules = (
			);
			dependencies = (
			);
			name = Together;
			productName = Together;
			productReference = 56D7E43824B3601800933B04 /* Together.app */;
			productType = "com.apple.product-type.application";
		};
/* End PBXNativeTarget section */

/* Begin PBXProject section */
		56D7E43024B3601800933B04 /* Project object */ = {
			isa = PBXProject;
			attributes = {
				LastSwiftUpdateCheck = 1150;
				LastUpgradeCheck = 1150;
				ORGANIZATIONNAME = GermanyHome;
				TargetAttributes = {
					56D7E43724B3601800933B04 = {
						CreatedOnToolsVersion = 11.5;
					};
				};
			};
			buildConfigurationList = 56D7E43324B3601800933B04 /* Build configuration list for PBXProject "Together" */;
			compatibilityVersion = "Xcode 9.3";
			developmentRegion = en;
			hasScannedForEncodings = 0;
			knownRegions = (
				en,
				Base,
			);
			mainGroup = 56D7E42F24B3601800933B04;
			productRefGroup = 56D7E43924B3601800933B04 /* Products */;
			projectDirPath = "";
			projectRoot = "";
			targets = (
				56D7E43724B3601800933B04 /* Together */,
			);
		};
/* End PBXProject section */

/* Begin PBXResourcesBuildPhase section */
		56D7E43624B3601800933B04 /* Resources */ = {
			isa = PBXResourcesBuildPhase;
			buildActionMask = 2147483647;
			files = (
				A995BE5B24C6CAE500B2E63A /* CompletionEventCell.xib in Resources */,
				56D7E44824B3601D00933B04 /* LaunchScreen.storyboard in Resources */,
				56D7E44524B3601D00933B04 /* Assets.xcassets in Resources */,
				A995BE6224C6EA4000B2E63A /* ActionEventCell.xib in Resources */,
			);
			runOnlyForDeploymentPostprocessing = 0;
		};
/* End PBXResourcesBuildPhase section */

/* Begin PBXSourcesBuildPhase section */
		56D7E43424B3601800933B04 /* Sources */ = {
			isa = PBXSourcesBuildPhase;
			buildActionMask = 2147483647;
			files = (
				56D7E44024B3601800933B04 /* SignInViewController.swift in Sources */,
				A981FB1F24B73E8300A3D205 /* UIView + getToolBar().swift in Sources */,
				56D7E43C24B3601800933B04 /* AppDelegate.swift in Sources */,
				569AF46F24B45E6800D9DC88 /* UIStoryboard+instantiate().swift in Sources */,
				A995BE4824C6C57400B2E63A /* CompletionEventViewController.swift in Sources */,
				56A824E424D46E4D00019B37 /* PresenterHaving.swift in Sources */,
				A981FB2224B7451800A3D205 /* RestorePasswordViewController.swift in Sources */,
				56D7E45724B3792900933B04 /* AppCoordinator.swift in Sources */,
				A995BE4C24C6C5A000B2E63A /* CompletionEventCoordinator.swift in Sources */,
				A9C8DA9324D043E4006F63FC /* UIMapView + zoomMap().swift in Sources */,
				A9D6102B24BE48C400C1C207 /* ProfileView.swift in Sources */,
				56DCF7FC24CEDAF80037B97B /* GeocodingService.swift in Sources */,
				56DCF7FE24CEE92E0037B97B /* Address.swift in Sources */,
				A995BE5424C6C5F300B2E63A /* ActionEventCoordinator.swift in Sources */,
				A9D6102924BE48B100C1C207 /* ProfileViewController.swift in Sources */,
				56A824DF24D461F200019B37 /* CustomMapView.swift in Sources */,
				56D7E43E24B3601800933B04 /* SceneDelegate.swift in Sources */,
				A9C2FC4E24C5887000756DE6 /* ProfileSettingView.swift in Sources */,
				A995BE5624C6C61800B2E63A /* ActionEventPresenter.swift in Sources */,
				569AF47F24B498CA00D9DC88 /* GrayLineView.swift in Sources */,
				A9D6102D24BE48DC00C1C207 /* ProfileCoordinator.swift in Sources */,
				A981FB2A24B761A700A3D205 /* UIViewController + indicator + basicAlert.swift in Sources */,
				A995BE5224C6C5DB00B2E63A /* ActionEventView.swift in Sources */,
				569AF46824B4503B00D9DC88 /* SignInPresenter.swift in Sources */,
				A904DCE124B5C66200ACB761 /* RegisterAccountPresenter.swift in Sources */,
				569AF48424B4A65800D9DC88 /* GrayTextField.swift in Sources */,
				A904DCDB24B5C0FD00ACB761 /* RegisterAccountViewController.swift in Sources */,
				A91769E424BAF02400EEE26A /* MainMapCoordinator.swift in Sources */,
				56A824E224D46D5800019B37 /* ViewAstions.swift in Sources */,
				A91769E624BAF03400EEE26A /* MainMapPresenter.swift in Sources */,
				A9C2FC4C24C5886100756DE6 /* ProfileSettingViewController.swift in Sources */,
				A904DCDF24B5C63700ACB761 /* RegisterAccountCoordinator.swift in Sources */,
				566DB78F24BCEB5C007409BE /* UINavigationController+setTabBarTitleAndImage.swift in Sources */,
				A9C2FC5024C5888700756DE6 /* ProfileSettingCoordinator.swift in Sources */,
				56DCF7FA24CED8120037B97B /* MockEventsRepo.swift in Sources */,
				A904DCDD24B5C59000ACB761 /* RegisterAccountView.swift in Sources */,
				A946126F24BD795A00FD57CB /* LocationService.swift in Sources */,
				A904DCD824B5B67F00ACB761 /* UIColor + customColor.swift in Sources */,
				A995BE5024C6C5CA00B2E63A /* ActionEventViewController.swift in Sources */,
				A995BE4E24C6C5B900B2E63A /* CompletionEventPresenter.swift in Sources */,
				569AF46C24B45B8D00D9DC88 /* IdHaving+id.swift in Sources */,
				56D7E45A24B37C2100933B04 /* SignInCoordinator.swift in Sources */,
				56DCF80024CF1E8C0037B97B /* EventMapPin.swift in Sources */,
				566DB78B24BCDE98007409BE /* MainCoordinator.swift in Sources */,
				569AF48624B4AAB800D9DC88 /* RoundedButtonWithShadow.swift in Sources */,
				A981FB2824B7456700A3D205 /* RestorePasswordPresenter.swift in Sources */,
				566DB78D24BCDF4A007409BE /* MainViewController.swift in Sources */,
				A946127124BD7AF900FD57CB /* UIMapView + centerLocation().swift in Sources */,
				566DB78824B4F6D3007409BE /* VerticalStack.swift in Sources */,
				56A824DD24D4480300019B37 /* RoundMapButton.swift in Sources */,
				A981FB2424B7452A00A3D205 /* RestorePasswordView.swift in Sources */,
				A91769E224BAF01100EEE26A /* MainView.swift in Sources */,
				A981FB2624B7454100A3D205 /* RestorePasswordCoordinator.swift in Sources */,
				A995BE6024C6EA2F00B2E63A /* ActionEventCell.swift in Sources */,
				A995BE5824C6C98000B2E63A /* CompletionEventCell.swift in Sources */,
				566DB78524B4EFE8007409BE /* LogoView.swift in Sources */,
				A9C2FC5224C588AF00756DE6 /* ProfileSettingPresenter.swift in Sources */,
				A995BE4A24C6C58900B2E63A /* CompletionEventView.swift in Sources */,
				A91769E024BAEFED00EEE26A /* MainMapViewController.swift in Sources */,
				569AF46A24B4542A00D9DC88 /* SignInView.swift in Sources */,
				56DCF7F824CAEAE80037B97B /* LocationServiceTwo.swift in Sources */,
				56D7E45524B3783E00933B04 /* BaseCoordirator.swift in Sources */,
				A9D6102F24BE48FA00C1C207 /* ProfilePresenter.swift in Sources */,
				A995BE5D24C6E37B00B2E63A /* Event.swift in Sources */,
			);
			runOnlyForDeploymentPostprocessing = 0;
		};
/* End PBXSourcesBuildPhase section */

/* Begin PBXVariantGroup section */
		56D7E44624B3601D00933B04 /* LaunchScreen.storyboard */ = {
			isa = PBXVariantGroup;
			children = (
				56D7E44724B3601D00933B04 /* Base */,
			);
			name = LaunchScreen.storyboard;
			sourceTree = "<group>";
		};
/* End PBXVariantGroup section */

/* Begin XCBuildConfiguration section */
		56D7E44A24B3601D00933B04 /* Debug */ = {
			isa = XCBuildConfiguration;
			buildSettings = {
				ALWAYS_SEARCH_USER_PATHS = NO;
				CLANG_ANALYZER_NONNULL = YES;
				CLANG_ANALYZER_NUMBER_OBJECT_CONVERSION = YES_AGGRESSIVE;
				CLANG_CXX_LANGUAGE_STANDARD = "gnu++14";
				CLANG_CXX_LIBRARY = "libc++";
				CLANG_ENABLE_MODULES = YES;
				CLANG_ENABLE_OBJC_ARC = YES;
				CLANG_ENABLE_OBJC_WEAK = YES;
				CLANG_WARN_BLOCK_CAPTURE_AUTORELEASING = YES;
				CLANG_WARN_BOOL_CONVERSION = YES;
				CLANG_WARN_COMMA = YES;
				CLANG_WARN_CONSTANT_CONVERSION = YES;
				CLANG_WARN_DEPRECATED_OBJC_IMPLEMENTATIONS = YES;
				CLANG_WARN_DIRECT_OBJC_ISA_USAGE = YES_ERROR;
				CLANG_WARN_DOCUMENTATION_COMMENTS = YES;
				CLANG_WARN_EMPTY_BODY = YES;
				CLANG_WARN_ENUM_CONVERSION = YES;
				CLANG_WARN_INFINITE_RECURSION = YES;
				CLANG_WARN_INT_CONVERSION = YES;
				CLANG_WARN_NON_LITERAL_NULL_CONVERSION = YES;
				CLANG_WARN_OBJC_IMPLICIT_RETAIN_SELF = YES;
				CLANG_WARN_OBJC_LITERAL_CONVERSION = YES;
				CLANG_WARN_OBJC_ROOT_CLASS = YES_ERROR;
				CLANG_WARN_RANGE_LOOP_ANALYSIS = YES;
				CLANG_WARN_STRICT_PROTOTYPES = YES;
				CLANG_WARN_SUSPICIOUS_MOVE = YES;
				CLANG_WARN_UNGUARDED_AVAILABILITY = YES_AGGRESSIVE;
				CLANG_WARN_UNREACHABLE_CODE = YES;
				CLANG_WARN__DUPLICATE_METHOD_MATCH = YES;
				COPY_PHASE_STRIP = NO;
				DEBUG_INFORMATION_FORMAT = dwarf;
				ENABLE_STRICT_OBJC_MSGSEND = YES;
				ENABLE_TESTABILITY = YES;
				GCC_C_LANGUAGE_STANDARD = gnu11;
				GCC_DYNAMIC_NO_PIC = NO;
				GCC_NO_COMMON_BLOCKS = YES;
				GCC_OPTIMIZATION_LEVEL = 0;
				GCC_PREPROCESSOR_DEFINITIONS = (
					"DEBUG=1",
					"$(inherited)",
				);
				GCC_WARN_64_TO_32_BIT_CONVERSION = YES;
				GCC_WARN_ABOUT_RETURN_TYPE = YES_ERROR;
				GCC_WARN_UNDECLARED_SELECTOR = YES;
				GCC_WARN_UNINITIALIZED_AUTOS = YES_AGGRESSIVE;
				GCC_WARN_UNUSED_FUNCTION = YES;
				GCC_WARN_UNUSED_VARIABLE = YES;
				IPHONEOS_DEPLOYMENT_TARGET = 13.5;
				MTL_ENABLE_DEBUG_INFO = INCLUDE_SOURCE;
				MTL_FAST_MATH = YES;
				ONLY_ACTIVE_ARCH = YES;
				SDKROOT = iphoneos;
				SWIFT_ACTIVE_COMPILATION_CONDITIONS = DEBUG;
				SWIFT_OPTIMIZATION_LEVEL = "-Onone";
			};
			name = Debug;
		};
		56D7E44B24B3601D00933B04 /* Release */ = {
			isa = XCBuildConfiguration;
			buildSettings = {
				ALWAYS_SEARCH_USER_PATHS = NO;
				CLANG_ANALYZER_NONNULL = YES;
				CLANG_ANALYZER_NUMBER_OBJECT_CONVERSION = YES_AGGRESSIVE;
				CLANG_CXX_LANGUAGE_STANDARD = "gnu++14";
				CLANG_CXX_LIBRARY = "libc++";
				CLANG_ENABLE_MODULES = YES;
				CLANG_ENABLE_OBJC_ARC = YES;
				CLANG_ENABLE_OBJC_WEAK = YES;
				CLANG_WARN_BLOCK_CAPTURE_AUTORELEASING = YES;
				CLANG_WARN_BOOL_CONVERSION = YES;
				CLANG_WARN_COMMA = YES;
				CLANG_WARN_CONSTANT_CONVERSION = YES;
				CLANG_WARN_DEPRECATED_OBJC_IMPLEMENTATIONS = YES;
				CLANG_WARN_DIRECT_OBJC_ISA_USAGE = YES_ERROR;
				CLANG_WARN_DOCUMENTATION_COMMENTS = YES;
				CLANG_WARN_EMPTY_BODY = YES;
				CLANG_WARN_ENUM_CONVERSION = YES;
				CLANG_WARN_INFINITE_RECURSION = YES;
				CLANG_WARN_INT_CONVERSION = YES;
				CLANG_WARN_NON_LITERAL_NULL_CONVERSION = YES;
				CLANG_WARN_OBJC_IMPLICIT_RETAIN_SELF = YES;
				CLANG_WARN_OBJC_LITERAL_CONVERSION = YES;
				CLANG_WARN_OBJC_ROOT_CLASS = YES_ERROR;
				CLANG_WARN_RANGE_LOOP_ANALYSIS = YES;
				CLANG_WARN_STRICT_PROTOTYPES = YES;
				CLANG_WARN_SUSPICIOUS_MOVE = YES;
				CLANG_WARN_UNGUARDED_AVAILABILITY = YES_AGGRESSIVE;
				CLANG_WARN_UNREACHABLE_CODE = YES;
				CLANG_WARN__DUPLICATE_METHOD_MATCH = YES;
				COPY_PHASE_STRIP = NO;
				DEBUG_INFORMATION_FORMAT = "dwarf-with-dsym";
				ENABLE_NS_ASSERTIONS = NO;
				ENABLE_STRICT_OBJC_MSGSEND = YES;
				GCC_C_LANGUAGE_STANDARD = gnu11;
				GCC_NO_COMMON_BLOCKS = YES;
				GCC_WARN_64_TO_32_BIT_CONVERSION = YES;
				GCC_WARN_ABOUT_RETURN_TYPE = YES_ERROR;
				GCC_WARN_UNDECLARED_SELECTOR = YES;
				GCC_WARN_UNINITIALIZED_AUTOS = YES_AGGRESSIVE;
				GCC_WARN_UNUSED_FUNCTION = YES;
				GCC_WARN_UNUSED_VARIABLE = YES;
				IPHONEOS_DEPLOYMENT_TARGET = 13.5;
				MTL_ENABLE_DEBUG_INFO = NO;
				MTL_FAST_MATH = YES;
				SDKROOT = iphoneos;
				SWIFT_COMPILATION_MODE = wholemodule;
				SWIFT_OPTIMIZATION_LEVEL = "-O";
				VALIDATE_PRODUCT = YES;
			};
			name = Release;
		};
		56D7E44D24B3601D00933B04 /* Debug */ = {
			isa = XCBuildConfiguration;
			buildSettings = {
				ASSETCATALOG_COMPILER_APPICON_NAME = AppIcon;
				CODE_SIGN_STYLE = Automatic;
				DEVELOPMENT_TEAM = VL3SPLW988;
				INFOPLIST_FILE = Together/Resources/Info.plist;
				LD_RUNPATH_SEARCH_PATHS = (
					"$(inherited)",
					"@executable_path/Frameworks",
				);
				PRODUCT_BUNDLE_IDENTIFIER = ru.home.stasyhard.Together;
				PRODUCT_NAME = "$(TARGET_NAME)";
				SWIFT_VERSION = 5.0;
				TARGETED_DEVICE_FAMILY = "1,2";
			};
			name = Debug;
		};
		56D7E44E24B3601D00933B04 /* Release */ = {
			isa = XCBuildConfiguration;
			buildSettings = {
				ASSETCATALOG_COMPILER_APPICON_NAME = AppIcon;
				CODE_SIGN_STYLE = Automatic;
				DEVELOPMENT_TEAM = VL3SPLW988;
				INFOPLIST_FILE = Together/Resources/Info.plist;
				LD_RUNPATH_SEARCH_PATHS = (
					"$(inherited)",
					"@executable_path/Frameworks",
				);
				PRODUCT_BUNDLE_IDENTIFIER = ru.home.stasyhard.Together;
				PRODUCT_NAME = "$(TARGET_NAME)";
				SWIFT_VERSION = 5.0;
				TARGETED_DEVICE_FAMILY = "1,2";
			};
			name = Release;
		};
/* End XCBuildConfiguration section */

/* Begin XCConfigurationList section */
		56D7E43324B3601800933B04 /* Build configuration list for PBXProject "Together" */ = {
			isa = XCConfigurationList;
			buildConfigurations = (
				56D7E44A24B3601D00933B04 /* Debug */,
				56D7E44B24B3601D00933B04 /* Release */,
			);
			defaultConfigurationIsVisible = 0;
			defaultConfigurationName = Release;
		};
		56D7E44C24B3601D00933B04 /* Build configuration list for PBXNativeTarget "Together" */ = {
			isa = XCConfigurationList;
			buildConfigurations = (
				56D7E44D24B3601D00933B04 /* Debug */,
				56D7E44E24B3601D00933B04 /* Release */,
			);
			defaultConfigurationIsVisible = 0;
			defaultConfigurationName = Release;
		};
/* End XCConfigurationList section */
	};
	rootObject = 56D7E43024B3601800933B04 /* Project object */;
}
